{
	"name": "@sample/counter-react",
	"version": "0.0.1",
	"lockfileVersion": 1,
	"requires": true,
	"dependencies": {
		"@types/lodash": {
			"version": "4.14.175",
			"resolved": "https://registry.npmjs.org/@types/lodash/-/lodash-4.14.175.tgz",
			"integrity": "sha512-XmdEOrKQ8a1Y/yxQFOMbC47G/V2VDO1GvMRnl4O75M4GW/abC5tnfzadQYkqEveqRM1dEJGFFegfPNA2vvx2iw==",
			"dev": true
		},
		"@types/prop-types": {
			"version": "15.7.4",
			"resolved": "https://registry.npmjs.org/@types/prop-types/-/prop-types-15.7.4.tgz",
			"integrity": "sha512-rZ5drC/jWjrArrS8BR6SIr4cWpW09RNTYt9AMZo3Jwwif+iacXAqgVjm0B0Bv/S1jhDXKHqRVNCbACkJ89RAnQ==",
			"dev": true
		},
		"@types/react": {
			"version": "17.0.24",
			"resolved": "https://registry.npmjs.org/@types/react/-/react-17.0.24.tgz",
			"integrity": "sha512-eIpyco99gTH+FTI3J7Oi/OH8MZoFMJuztNRimDOJwH4iGIsKV2qkGnk4M9VzlaVWeEEWLWSQRy0FEA0Kz218cg==",
			"dev": true,
			"requires": {
				"@types/prop-types": "*",
				"@types/scheduler": "*",
				"csstype": "^3.0.2"
			}
		},
		"@types/react-dom": {
			"version": "17.0.9",
			"resolved": "https://registry.npmjs.org/@types/react-dom/-/react-dom-17.0.9.tgz",
			"integrity": "sha512-wIvGxLfgpVDSAMH5utdL9Ngm5Owu0VsGmldro3ORLXV8CShrL8awVj06NuEXFQ5xyaYfdca7Sgbk/50Ri1GdPg==",
			"dev": true,
			"requires": {
				"@types/react": "*"
			}
		},
		"@types/scheduler": {
			"version": "0.16.2",
			"resolved": "https://registry.npmjs.org/@types/scheduler/-/scheduler-0.16.2.tgz",
			"integrity": "sha512-hppQEBDmlwhFAXKJX2KnWLYu5yMfi91yazPb2l+lbJiwW+wdo1gNeRA+3RgNSO39WYX2euey41KEwnqesU2Jew==",
			"dev": true
		},
		"axios": {
			"version": "0.22.0",
			"resolved": "https://registry.npmjs.org/axios/-/axios-0.22.0.tgz",
			"integrity": "sha512-Z0U3uhqQeg1oNcihswf4ZD57O3NrR1+ZXhxaROaWpDmsDTx7T2HNBV2ulBtie2hwJptu8UvgnJoK+BIqdzh/1w==",
			"requires": {
				"follow-redirects": "^1.14.4"
			}
		},
		"csstype": {
			"version": "3.0.9",
			"resolved": "https://registry.npmjs.org/csstype/-/csstype-3.0.9.tgz",
			"integrity": "sha512-rpw6JPxK6Rfg1zLOYCSwle2GFOOsnjmDYDaBwEcwoOg4qlsIVCN789VkBZDJAGi4T07gI4YSutR43t9Zz4Lzuw==",
			"dev": true
		},
		"follow-redirects": {
			"version": "1.14.4",
			"resolved": "https://registry.npmjs.org/follow-redirects/-/follow-redirects-1.14.4.tgz",
			"integrity": "sha512-zwGkiSXC1MUJG/qmeIFH2HBJx9u0V46QGUe3YR1fXG8bXQxq7fLj0RjLZQ5nubr9qNJUZrH+xUcwXEoXNpfS+g=="
		},
		"lodash": {
			"version": "4.17.21",
			"resolved": "https://registry.npmjs.org/lodash/-/lodash-4.17.21.tgz",
			"integrity": "sha512-v2kDEe57lecTulaDIuNTPy3Ry4gLGJ6Z1O3vE1krgXZNrsQ+LFTGHVxVjcXPs17LhbZVGedAJv8XZ1tvj5FvSg=="
		},
		"p-limit": {
			"version": "4.0.0",
			"resolved": "https://registry.npmjs.org/p-limit/-/p-limit-4.0.0.tgz",
			"integrity": "sha512-5b0R4txpzjPWVw/cXXUResoD4hb6U/x9BH08L7nw+GN1sezDzPdxeRvpc9c433fZhBan/wusjbCsqwqm4EIBIQ==",
			"requires": {
				"yocto-queue": "^1.0.0"
			}
		},
		"typescript": {
			"version": "4.4.3",
			"resolved": "https://registry.npmjs.org/typescript/-/typescript-4.4.3.tgz",
			"integrity": "sha512-4xfscpisVgqqDfPaJo5vkd+Qd/ItkoagnHpufr+i2QCHBsNYp+G7UAoyFl8aPtx879u38wPV65rZ8qbGZijalA==",
			"dev": true
		},
		"yocto-queue": {
			"version": "1.0.0",
			"resolved": "https://registry.npmjs.org/yocto-queue/-/yocto-queue-1.0.0.tgz",
			"integrity": "sha512-9bnSc/HEW2uRy67wc+T8UwauLuPJVn28jb+GtJY16iiKWyvmYJRXVT4UamsAEGQfPohgr2q4Tq0sQbQlxTfi1g=="
		}
	}
}
